
Microsoft Visual Studio Solution File, Format Version 12.00
# Visual Studio 15
VisualStudioVersion = 15.0.28010.2003
MinimumVisualStudioVersion = 10.0.40219.1
Project("{8BC9CEB8-8B4A-11D0-8D11-00A0C91BC942}") = "Project-Map", "Project-Map\Project-Map.vcxproj", "{74F62F5A-D2B7-4C9A-BC62-8E4814754723}"
EndProject
Global
	GlobalSection(SolutionConfigurationPlatforms) = preSolution
		Debug|x64 = Debug|x64
		Debug|x86 = Debug|x86
		Release|x64 = Release|x64
		Release|x86 = Release|x86
	EndGlobalSection
	GlobalSection(ProjectConfigurationPlatforms) = postSolution
		{74F62F5A-D2B7-4C9A-BC62-8E4814754723}.Debug|x64.ActiveCfg = Debug|x64
		{74F62F5A-D2B7-4C9A-BC62-8E4814754723}.Debug|x64.Build.0 = Debug|x64
		{74F62F5A-D2B7-4C9A-BC62-8E4814754723}.Debug|x86.ActiveCfg = Debug|Win32
		{74F62F5A-D2B7-4C9A-BC62-8E4814754723}.Debug|x86.Build.0 = Debug|Win32
		{74F62F5A-D2B7-4C9A-BC62-8E4814754723}.Release|x64.ActiveCfg = Release|x64
		{74F62F5A-D2B7-4C9A-BC62-8E4814754723}.Release|x64.Build.0 = Release|x64
		{74F62F5A-D2B7-4C9A-BC62-8E4814754723}.Release|x86.ActiveCfg = Release|Win32
		{74F62F5A-D2B7-4C9A-BC62-8E4814754723}.Release|x86.Build.0 = Release|Win32
	EndGlobalSection
	GlobalSection(SolutionProperties) = preSolution
		HideSolutionNode = FALSE
	EndGlobalSection
	GlobalSection(ExtensibilityGlobals) = postSolution
		SolutionGuid = {32FECC1A-711A-4F57-BBE1-3937BF3AEE53}
	EndGlobalSection
EndGlobal
